
Microsoft Visual Studio Solution File, Format Version 12.00
# Visual Studio 15
VisualStudioVersion = 15.0.27703.2000
MinimumVisualStudioVersion = 10.0.40219.1
Project("{FAE04EC0-301F-11D3-BF4B-00C04F79EFBC}") = "CareerCloud.Pocos", "CareerCloud.Pocos\CareerCloud.Pocos.csproj", "{12CD1A7E-AEA6-4B91-A8A2-6573B6E26033}"
EndProject
Project("{FAE04EC0-301F-11D3-BF4B-00C04F79EFBC}") = "CareerCloud.DataAccessLayer", "CareerCloud.DataAccessLayer\CareerCloud.DataAccessLayer.csproj", "{16BF7E7D-DD58-4D58-BFA3-9FB61F3E9188}"
EndProject
Project("{FAE04EC0-301F-11D3-BF4B-00C04F79EFBC}") = "CareerCloud.ADODataAccessLayer", "CareerCloud.ADODataAccessLayer\CareerCloud.ADODataAccessLayer.csproj", "{9F4BDB0A-5B87-497E-B4AB-06A96582A02A}"
EndProject
Project("{FAE04EC0-301F-11D3-BF4B-00C04F79EFBC}") = "CareerCloud.BusinessLogicLayer", "CareerCloud.BusinessLogicLayer\CareerCloud.BusinessLogicLayer.csproj", "{F7F51358-7125-4C20-B7A4-2299313048A8}"
EndProject
Project("{FAE04EC0-301F-11D3-BF4B-00C04F79EFBC}") = "CareerCloud.EntityFrameworkDataAccess", "CareerCloud.EntityFrameworkDataAccess\CareerCloud.EntityFrameworkDataAccess.csproj", "{45B55149-45A8-448D-956D-E4C3636BD853}"
EndProject
Project("{FAE04EC0-301F-11D3-BF4B-00C04F79EFBC}") = "CarerrCloud.UnitTests.Assignment4", "CareerCloud.UnitTests.Assignment4\CarerrCloud.UnitTests.Assignment4\CarerrCloud.UnitTests.Assignment4.csproj", "{D8F213B9-4DC6-4C4E-A7A5-D741C0C7DFE3}"
EndProject
Global
	GlobalSection(SolutionConfigurationPlatforms) = preSolution
		Debug|Any CPU = Debug|Any CPU
		Release|Any CPU = Release|Any CPU
	EndGlobalSection
	GlobalSection(ProjectConfigurationPlatforms) = postSolution
		{12CD1A7E-AEA6-4B91-A8A2-6573B6E26033}.Debug|Any CPU.ActiveCfg = Debug|Any CPU
		{12CD1A7E-AEA6-4B91-A8A2-6573B6E26033}.Debug|Any CPU.Build.0 = Debug|Any CPU
		{12CD1A7E-AEA6-4B91-A8A2-6573B6E26033}.Release|Any CPU.ActiveCfg = Release|Any CPU
		{12CD1A7E-AEA6-4B91-A8A2-6573B6E26033}.Release|Any CPU.Build.0 = Release|Any CPU
		{16BF7E7D-DD58-4D58-BFA3-9FB61F3E9188}.Debug|Any CPU.ActiveCfg = Debug|Any CPU
		{16BF7E7D-DD58-4D58-BFA3-9FB61F3E9188}.Debug|Any CPU.Build.0 = Debug|Any CPU
		{16BF7E7D-DD58-4D58-BFA3-9FB61F3E9188}.Release|Any CPU.ActiveCfg = Release|Any CPU
		{16BF7E7D-DD58-4D58-BFA3-9FB61F3E9188}.Release|Any CPU.Build.0 = Release|Any CPU
		{9F4BDB0A-5B87-497E-B4AB-06A96582A02A}.Debug|Any CPU.ActiveCfg = Debug|Any CPU
		{9F4BDB0A-5B87-497E-B4AB-06A96582A02A}.Debug|Any CPU.Build.0 = Debug|Any CPU
		{9F4BDB0A-5B87-497E-B4AB-06A96582A02A}.Release|Any CPU.ActiveCfg = Release|Any CPU
		{9F4BDB0A-5B87-497E-B4AB-06A96582A02A}.Release|Any CPU.Build.0 = Release|Any CPU
		{F7F51358-7125-4C20-B7A4-2299313048A8}.Debug|Any CPU.ActiveCfg = Debug|Any CPU
		{F7F51358-7125-4C20-B7A4-2299313048A8}.Debug|Any CPU.Build.0 = Debug|Any CPU
		{F7F51358-7125-4C20-B7A4-2299313048A8}.Release|Any CPU.ActiveCfg = Release|Any CPU
		{F7F51358-7125-4C20-B7A4-2299313048A8}.Release|Any CPU.Build.0 = Release|Any CPU
		{45B55149-45A8-448D-956D-E4C3636BD853}.Debug|Any CPU.ActiveCfg = Debug|Any CPU
		{45B55149-45A8-448D-956D-E4C3636BD853}.Debug|Any CPU.Build.0 = Debug|Any CPU
		{45B55149-45A8-448D-956D-E4C3636BD853}.Release|Any CPU.ActiveCfg = Release|Any CPU
		{45B55149-45A8-448D-956D-E4C3636BD853}.Release|Any CPU.Build.0 = Release|Any CPU
		{D8F213B9-4DC6-4C4E-A7A5-D741C0C7DFE3}.Debug|Any CPU.ActiveCfg = Debug|Any CPU
		{D8F213B9-4DC6-4C4E-A7A5-D741C0C7DFE3}.Debug|Any CPU.Build.0 = Debug|Any CPU
		{D8F213B9-4DC6-4C4E-A7A5-D741C0C7DFE3}.Release|Any CPU.ActiveCfg = Release|Any CPU
		{D8F213B9-4DC6-4C4E-A7A5-D741C0C7DFE3}.Release|Any CPU.Build.0 = Release|Any CPU
	EndGlobalSection
	GlobalSection(SolutionProperties) = preSolution
		HideSolutionNode = FALSE
	EndGlobalSection
	GlobalSection(ExtensibilityGlobals) = postSolution
		SolutionGuid = {075EFA7D-0D5E-4243-BF28-3AE125B255B2}
	EndGlobalSection
EndGlobal
